
Microsoft Visual Studio Solution File, Format Version 12.00
# Visual Studio Version 16
VisualStudioVersion = 16.0.31410.357
MinimumVisualStudioVersion = 10.0.40219.1
Project("{9A19103F-16F7-4668-BE54-9A1E7A4F7556}") = "FirstlyArticleSite", "FirstlyArticleSite\FirstlyArticleSite.csproj", "{FE86FA1E-12F8-4892-8E41-63D09DFE3920}"
EndProject
Global
	GlobalSection(SolutionConfigurationPlatforms) = preSolution
		Debug|Any CPU = Debug|Any CPU
		Release|Any CPU = Release|Any CPU
	EndGlobalSection
	GlobalSection(ProjectConfigurationPlatforms) = postSolution
		{FE86FA1E-12F8-4892-8E41-63D09DFE3920}.Debug|Any CPU.ActiveCfg = Debug|Any CPU
		{FE86FA1E-12F8-4892-8E41-63D09DFE3920}.Debug|Any CPU.Build.0 = Debug|Any CPU
		{FE86FA1E-12F8-4892-8E41-63D09DFE3920}.Release|Any CPU.ActiveCfg = Release|Any CPU
		{FE86FA1E-12F8-4892-8E41-63D09DFE3920}.Release|Any CPU.Build.0 = Release|Any CPU
	EndGlobalSection
	GlobalSection(SolutionProperties) = preSolution
		HideSolutionNode = FALSE
	EndGlobalSection
	GlobalSection(ExtensibilityGlobals) = postSolution
		SolutionGuid = {FC407EBE-F506-41E0-83AA-8EEFFCF8425F}
	EndGlobalSection
	GlobalSection(TeamFoundationVersionControl) = preSolution
		SccNumberOfProjects = 2
		SccEnterpriseProvider = {4CA58AB2-18FA-4F8D-95D4-32DDF27D184C}
		SccTeamFoundationServer = https://dev.azure.com/ckconur
		SccLocalPath0 = .
		SccProjectUniqueName1 = FirstlyArticleSite\\FirstlyArticleSite.csproj
		SccProjectName1 = FirstlyArticleSite
		SccLocalPath1 = FirstlyArticleSite
	EndGlobalSection
EndGlobal
